// !$*UTF8*$!
{
	archiveVersion = 1;
	classes = {
	};
	objectVersion = 50;
	objects = {

/* Begin PBXBuildFile section */
		666DBE98261BEE8B006AD61E /* Models.swift in Sources */ = {isa = PBXBuildFile; fileRef = 666DBE97261BEE8B006AD61E /* Models.swift */; };
		666DBE9D261BF060006AD61E /* PersonFollowingTableViewCell.swift in Sources */ = {isa = PBXBuildFile; fileRef = 666DBE9C261BF060006AD61E /* PersonFollowingTableViewCell.swift */; };
		666DBEA2261BF331006AD61E /* PersonFollowingTableViewCellViewModel.swift in Sources */ = {isa = PBXBuildFile; fileRef = 666DBEA1261BF331006AD61E /* PersonFollowingTableViewCellViewModel.swift */; };
		66FD61E1261A890A00BBD390 /* AppDelegate.swift in Sources */ = {isa = PBXBuildFile; fileRef = 66FD61E0261A890A00BBD390 /* AppDelegate.swift */; };
		66FD61E3261A890A00BBD390 /* SceneDelegate.swift in Sources */ = {isa = PBXBuildFile; fileRef = 66FD61E2261A890A00BBD390 /* SceneDelegate.swift */; };
		66FD61E5261A890A00BBD390 /* ViewController.swift in Sources */ = {isa = PBXBuildFile; fileRef = 66FD61E4261A890A00BBD390 /* ViewController.swift */; };
		66FD61E8261A890A00BBD390 /* Main.storyboard in Resources */ = {isa = PBXBuildFile; fileRef = 66FD61E6261A890A00BBD390 /* Main.storyboard */; };
		66FD61EB261A890A00BBD390 /* MVVMExample.xcdatamodeld in Sources */ = {isa = PBXBuildFile; fileRef = 66FD61E9261A890A00BBD390 /* MVVMExample.xcdatamodeld */; };
		66FD61ED261A890B00BBD390 /* Assets.xcassets in Resources */ = {isa = PBXBuildFile; fileRef = 66FD61EC261A890B00BBD390 /* Assets.xcassets */; };
		66FD61F0261A890B00BBD390 /* LaunchScreen.storyboard in Resources */ = {isa = PBXBuildFile; fileRef = 66FD61EE261A890B00BBD390 /* LaunchScreen.storyboard */; };
		66FD61FB261A890C00BBD390 /* MVVMExampleTests.swift in Sources */ = {isa = PBXBuildFile; fileRef = 66FD61FA261A890C00BBD390 /* MVVMExampleTests.swift */; };
		66FD6206261A890C00BBD390 /* MVVMExampleUITests.swift in Sources */ = {isa = PBXBuildFile; fileRef = 66FD6205261A890C00BBD390 /* MVVMExampleUITests.swift */; };
/* End PBXBuildFile section */

/* Begin PBXContainerItemProxy section */
		66FD61F7261A890C00BBD390 /* PBXContainerItemProxy */ = {
			isa = PBXContainerItemProxy;
			containerPortal = 66FD61D5261A890A00BBD390 /* Project object */;
			proxyType = 1;
			remoteGlobalIDString = 66FD61DC261A890A00BBD390;
			remoteInfo = MVVMExample;
		};
		66FD6202261A890C00BBD390 /* PBXContainerItemProxy */ = {
			isa = PBXContainerItemProxy;
			containerPortal = 66FD61D5261A890A00BBD390 /* Project object */;
			proxyType = 1;
			remoteGlobalIDString = 66FD61DC261A890A00BBD390;
			remoteInfo = MVVMExample;
		};
/* End PBXContainerItemProxy section */

/* Begin PBXFileReference section */
		666DBE97261BEE8B006AD61E /* Models.swift */ = {isa = PBXFileReference; lastKnownFileType = sourcecode.swift; path = Models.swift; sourceTree = "<group>"; };
		666DBE9C261BF060006AD61E /* PersonFollowingTableViewCell.swift */ = {isa = PBXFileReference; lastKnownFileType = sourcecode.swift; path = PersonFollowingTableViewCell.swift; sourceTree = "<group>"; };
		666DBEA1261BF331006AD61E /* PersonFollowingTableViewCellViewModel.swift */ = {isa = PBXFileReference; lastKnownFileType = sourcecode.swift; path = PersonFollowingTableViewCellViewModel.swift; sourceTree = "<group>"; };
		66FD61DD261A890A00BBD390 /* MVVMExample.app */ = {isa = PBXFileReference; explicitFileType = wrapper.application; includeInIndex = 0; path = MVVMExample.app; sourceTree = BUILT_PRODUCTS_DIR; };
		66FD61E0261A890A00BBD390 /* AppDelegate.swift */ = {isa = PBXFileReference; lastKnownFileType = sourcecode.swift; path = AppDelegate.swift; sourceTree = "<group>"; };
		66FD61E2261A890A00BBD390 /* SceneDelegate.swift */ = {isa = PBXFileReference; lastKnownFileType = sourcecode.swift; path = SceneDelegate.swift; sourceTree = "<group>"; };
		66FD61E4261A890A00BBD390 /* ViewController.swift */ = {isa = PBXFileReference; lastKnownFileType = sourcecode.swift; path = ViewController.swift; sourceTree = "<group>"; };
		66FD61E7261A890A00BBD390 /* Base */ = {isa = PBXFileReference; lastKnownFileType = file.storyboard; name = Base; path = Base.lproj/Main.storyboard; sourceTree = "<group>"; };
		66FD61EA261A890A00BBD390 /* MVVMExample.xcdatamodel */ = {isa = PBXFileReference; lastKnownFileType = wrapper.xcdatamodel; path = MVVMExample.xcdatamodel; sourceTree = "<group>"; };
		66FD61EC261A890B00BBD390 /* Assets.xcassets */ = {isa = PBXFileReference; lastKnownFileType = folder.assetcatalog; path = Assets.xcassets; sourceTree = "<group>"; };
		66FD61EF261A890B00BBD390 /* Base */ = {isa = PBXFileReference; lastKnownFileType = file.storyboard; name = Base; path = Base.lproj/LaunchScreen.storyboard; sourceTree = "<group>"; };
		66FD61F1261A890B00BBD390 /* Info.plist */ = {isa = PBXFileReference; lastKnownFileType = text.plist.xml; path = Info.plist; sourceTree = "<group>"; };
		66FD61F6261A890C00BBD390 /* MVVMExampleTests.xctest */ = {isa = PBXFileReference; explicitFileType = wrapper.cfbundle; includeInIndex = 0; path = MVVMExampleTests.xctest; sourceTree = BUILT_PRODUCTS_DIR; };
		66FD61FA261A890C00BBD390 /* MVVMExampleTests.swift */ = {isa = PBXFileReference; lastKnownFileType = sourcecode.swift; path = MVVMExampleTests.swift; sourceTree = "<group>"; };
		66FD61FC261A890C00BBD390 /* Info.plist */ = {isa = PBXFileReference; lastKnownFileType = text.plist.xml; path = Info.plist; sourceTree = "<group>"; };
		66FD6201261A890C00BBD390 /* MVVMExampleUITests.xctest */ = {isa = PBXFileReference; explicitFileType = wrapper.cfbundle; includeInIndex = 0; path = MVVMExampleUITests.xctest; sourceTree = BUILT_PRODUCTS_DIR; };
		66FD6205261A890C00BBD390 /* MVVMExampleUITests.swift */ = {isa = PBXFileReference; lastKnownFileType = sourcecode.swift; path = MVVMExampleUITests.swift; sourceTree = "<group>"; };
		66FD6207261A890C00BBD390 /* Info.plist */ = {isa = PBXFileReference; lastKnownFileType = text.plist.xml; path = Info.plist; sourceTree = "<group>"; };
/* End PBXFileReference section */

/* Begin PBXFrameworksBuildPhase section */
		66FD61DA261A890A00BBD390 /* Frameworks */ = {
			isa = PBXFrameworksBuildPhase;
			buildActionMask = 2147483647;
			files = (
			);
			runOnlyForDeploymentPostprocessing = 0;
		};
		66FD61F3261A890C00BBD390 /* Frameworks */ = {
			isa = PBXFrameworksBuildPhase;
			buildActionMask = 2147483647;
			files = (
			);
			runOnlyForDeploymentPostprocessing = 0;
		};
		66FD61FE261A890C00BBD390 /* Frameworks */ = {
			isa = PBXFrameworksBuildPhase;
			buildActionMask = 2147483647;
			files = (
			);
			runOnlyForDeploymentPostprocessing = 0;
		};
/* End PBXFrameworksBuildPhase section */

/* Begin PBXGroup section */
		66FD61D4261A890A00BBD390 = {
			isa = PBXGroup;
			children = (
				66FD61DF261A890A00BBD390 /* MVVMExample */,
				66FD61F9261A890C00BBD390 /* MVVMExampleTests */,
				66FD6204261A890C00BBD390 /* MVVMExampleUITests */,
				66FD61DE261A890A00BBD390 /* Products */,
			);
			sourceTree = "<group>";
		};
		66FD61DE261A890A00BBD390 /* Products */ = {
			isa = PBXGroup;
			children = (
				66FD61DD261A890A00BBD390 /* MVVMExample.app */,
				66FD61F6261A890C00BBD390 /* MVVMExampleTests.xctest */,
				66FD6201261A890C00BBD390 /* MVVMExampleUITests.xctest */,
			);
			name = Products;
			sourceTree = "<group>";
		};
		66FD61DF261A890A00BBD390 /* MVVMExample */ = {
			isa = PBXGroup;
			children = (
				66FD61E0261A890A00BBD390 /* AppDelegate.swift */,
				66FD61E2261A890A00BBD390 /* SceneDelegate.swift */,
				66FD61E4261A890A00BBD390 /* ViewController.swift */,
				66FD61E6261A890A00BBD390 /* Main.storyboard */,
				66FD61EC261A890B00BBD390 /* Assets.xcassets */,
				66FD61EE261A890B00BBD390 /* LaunchScreen.storyboard */,
				66FD61F1261A890B00BBD390 /* Info.plist */,
				66FD61E9261A890A00BBD390 /* MVVMExample.xcdatamodeld */,
				666DBE97261BEE8B006AD61E /* Models.swift */,
				666DBE9C261BF060006AD61E /* PersonFollowingTableViewCell.swift */,
				666DBEA1261BF331006AD61E /* PersonFollowingTableViewCellViewModel.swift */,
			);
			path = MVVMExample;
			sourceTree = "<group>";
		};
		66FD61F9261A890C00BBD390 /* MVVMExampleTests */ = {
			isa = PBXGroup;
			children = (
				66FD61FA261A890C00BBD390 /* MVVMExampleTests.swift */,
				66FD61FC261A890C00BBD390 /* Info.plist */,
			);
			path = MVVMExampleTests;
			sourceTree = "<group>";
		};
		66FD6204261A890C00BBD390 /* MVVMExampleUITests */ = {
			isa = PBXGroup;
			children = (
				66FD6205261A890C00BBD390 /* MVVMExampleUITests.swift */,
				66FD6207261A890C00BBD390 /* Info.plist */,
			);
			path = MVVMExampleUITests;
			sourceTree = "<group>";
		};
/* End PBXGroup section */

/* Begin PBXNativeTarget section */
		66FD61DC261A890A00BBD390 /* MVVMExample */ = {
			isa = PBXNativeTarget;
			buildConfigurationList = 66FD620A261A890C00BBD390 /* Build configuration list for PBXNativeTarget "MVVMExample" */;
			buildPhases = (
				66FD61D9261A890A00BBD390 /* Sources */,
				66FD61DA261A890A00BBD390 /* Frameworks */,
				66FD61DB261A890A00BBD390 /* Resources */,
			);
			buildRules = (
			);
			dependencies = (
			);
			name = MVVMExample;
			productName = MVVMExample;
			productReference = 66FD61DD261A890A00BBD390 /* MVVMExample.app */;
			productType = "com.apple.product-type.application";
		};
		66FD61F5261A890C00BBD390 /* MVVMExampleTests */ = {
			isa = PBXNativeTarget;
			buildConfigurationList = 66FD620D261A890C00BBD390 /* Build configuration list for PBXNativeTarget "MVVMExampleTests" */;
			buildPhases = (
				66FD61F2261A890C00BBD390 /* Sources */,
				66FD61F3261A890C00BBD390 /* Frameworks */,
				66FD61F4261A890C00BBD390 /* Resources */,
			);
			buildRules = (
			);
			dependencies = (
				66FD61F8261A890C00BBD390 /* PBXTargetDependency */,
			);
			name = MVVMExampleTests;
			productName = MVVMExampleTests;
			productReference = 66FD61F6261A890C00BBD390 /* MVVMExampleTests.xctest */;
			productType = "com.apple.product-type.bundle.unit-test";
		};
		66FD6200261A890C00BBD390 /* MVVMExampleUITests */ = {
			isa = PBXNativeTarget;
			buildConfigurationList = 66FD6210261A890C00BBD390 /* Build configuration list for PBXNativeTarget "MVVMExampleUITests" */;
			buildPhases = (
				66FD61FD261A890C00BBD390 /* Sources */,
				66FD61FE261A890C00BBD390 /* Frameworks */,
				66FD61FF261A890C00BBD390 /* Resources */,
			);
			buildRules = (
			);
			dependencies = (
				66FD6203261A890C00BBD390 /* PBXTargetDependency */,
			);
			name = MVVMExampleUITests;
			productName = MVVMExampleUITests;
			productReference = 66FD6201261A890C00BBD390 /* MVVMExampleUITests.xctest */;
			productType = "com.apple.product-type.bundle.ui-testing";
		};
/* End PBXNativeTarget section */

/* Begin PBXProject section */
		66FD61D5261A890A00BBD390 /* Project object */ = {
			isa = PBXProject;
			attributes = {
				LastSwiftUpdateCheck = 1240;
				LastUpgradeCheck = 1240;
				TargetAttributes = {
					66FD61DC261A890A00BBD390 = {
						CreatedOnToolsVersion = 12.4;
					};
					66FD61F5261A890C00BBD390 = {
						CreatedOnToolsVersion = 12.4;
						TestTargetID = 66FD61DC261A890A00BBD390;
					};
					66FD6200261A890C00BBD390 = {
						CreatedOnToolsVersion = 12.4;
						TestTargetID = 66FD61DC261A890A00BBD390;
					};
				};
			};
			buildConfigurationList = 66FD61D8261A890A00BBD390 /* Build configuration list for PBXProject "MVVMExample" */;
			compatibilityVersion = "Xcode 9.3";
			developmentRegion = en;
			hasScannedForEncodings = 0;
			knownRegions = (
				en,
				Base,
			);
			mainGroup = 66FD61D4261A890A00BBD390;
			productRefGroup = 66FD61DE261A890A00BBD390 /* Products */;
			projectDirPath = "";
			projectRoot = "";
			targets = (
				66FD61DC261A890A00BBD390 /* MVVMExample */,
				66FD61F5261A890C00BBD390 /* MVVMExampleTests */,
				66FD6200261A890C00BBD390 /* MVVMExampleUITests */,
			);
		};
/* End PBXProject section */

/* Begin PBXResourcesBuildPhase section */
		66FD61DB261A890A00BBD390 /* Resources */ = {
			isa = PBXResourcesBuildPhase;
			buildActionMask = 2147483647;
			files = (
				66FD61F0261A890B00BBD390 /* LaunchScreen.storyboard in Resources */,
				66FD61ED261A890B00BBD390 /* Assets.xcassets in Resources */,
				66FD61E8261A890A00BBD390 /* Main.storyboard in Resources */,
			);
			runOnlyForDeploymentPostprocessing = 0;
		};
		66FD61F4261A890C00BBD390 /* Resources */ = {
			isa = PBXResourcesBuildPhase;
			buildActionMask = 2147483647;
			files = (
			);
			runOnlyForDeploymentPostprocessing = 0;
		};
		66FD61FF261A890C00BBD390 /* Resources */ = {
			isa = PBXResourcesBuildPhase;
			buildActionMask = 2147483647;
			files = (
			);
			runOnlyForDeploymentPostprocessing = 0;
		};
/* End PBXResourcesBuildPhase section */

/* Begin PBXSourcesBuildPhase section */
		66FD61D9261A890A00BBD390 /* Sources */ = {
			isa = PBXSourcesBuildPhase;
			buildActionMask = 2147483647;
			files = (
				666DBE9D261BF060006AD61E /* PersonFollowingTableViewCell.swift in Sources */,
				66FD61E5261A890A00BBD390 /* ViewController.swift in Sources */,
				66FD61E1261A890A00BBD390 /* AppDelegate.swift in Sources */,
				66FD61EB261A890A00BBD390 /* MVVMExample.xcdatamodeld in Sources */,
				66FD61E3261A890A00BBD390 /* SceneDelegate.swift in Sources */,
				666DBEA2261BF331006AD61E /* PersonFollowingTableViewCellViewModel.swift in Sources */,
				666DBE98261BEE8B006AD61E /* Models.swift in Sources */,
			);
			runOnlyForDeploymentPostprocessing = 0;
		};
		66FD61F2261A890C00BBD390 /* Sources */ = {
			isa = PBXSourcesBuildPhase;
			buildActionMask = 2147483647;
			files = (
				66FD61FB261A890C00BBD390 /* MVVMExampleTests.swift in Sources */,
			);
			runOnlyForDeploymentPostprocessing = 0;
		};
		66FD61FD261A890C00BBD390 /* Sources */ = {
			isa = PBXSourcesBuildPhase;
			buildActionMask = 2147483647;
			files = (
				66FD6206261A890C00BBD390 /* MVVMExampleUITests.swift in Sources */,
			);
			runOnlyForDeploymentPostprocessing = 0;
		};
/* End PBXSourcesBuildPhase section */

/* Begin PBXTargetDependency section */
		66FD61F8261A890C00BBD390 /* PBXTargetDependency */ = {
			isa = PBXTargetDependency;
			target = 66FD61DC261A890A00BBD390 /* MVVMExample */;
			targetProxy = 66FD61F7261A890C00BBD390 /* PBXContainerItemProxy */;
		};
		66FD6203261A890C00BBD390 /* PBXTargetDependency */ = {
			isa = PBXTargetDependency;
			target = 66FD61DC261A890A00BBD390 /* MVVMExample */;
			targetProxy = 66FD6202261A890C00BBD390 /* PBXContainerItemProxy */;
		};
/* End PBXTargetDependency section */

/* Begin PBXVariantGroup section */
		66FD61E6261A890A00BBD390 /* Main.storyboard */ = {
			isa = PBXVariantGroup;
			children = (
				66FD61E7261A890A00BBD390 /* Base */,
			);
			name = Main.storyboard;
			sourceTree = "<group>";
		};
		66FD61EE261A890B00BBD390 /* LaunchScreen.storyboard */ = {
			isa = PBXVariantGroup;
			children = (
				66FD61EF261A890B00BBD390 /* Base */,
			);
			name = LaunchScreen.storyboard;
			sourceTree = "<group>";
		};
/* End PBXVariantGroup section */

/* Begin XCBuildConfiguration section */
		66FD6208261A890C00BBD390 /* Debug */ = {
			isa = XCBuildConfiguration;
			buildSettings = {
				ALWAYS_SEARCH_USER_PATHS = NO;
				CLANG_ANALYZER_NONNULL = YES;
				CLANG_ANALYZER_NUMBER_OBJECT_CONVERSION = YES_AGGRESSIVE;
				CLANG_CXX_LANGUAGE_STANDARD = "gnu++14";
				CLANG_CXX_LIBRARY = "libc++";
				CLANG_ENABLE_MODULES = YES;
				CLANG_ENABLE_OBJC_ARC = YES;
				CLANG_ENABLE_OBJC_WEAK = YES;
				CLANG_WARN_BLOCK_CAPTURE_AUTORELEASING = YES;
				CLANG_WARN_BOOL_CONVERSION = YES;
				CLANG_WARN_COMMA = YES;
				CLANG_WARN_CONSTANT_CONVERSION = YES;
				CLANG_WARN_DEPRECATED_OBJC_IMPLEMENTATIONS = YES;
				CLANG_WARN_DIRECT_OBJC_ISA_USAGE = YES_ERROR;
				CLANG_WARN_DOCUMENTATION_COMMENTS = YES;
				CLANG_WARN_EMPTY_BODY = YES;
				CLANG_WARN_ENUM_CONVERSION = YES;
				CLANG_WARN_INFINITE_RECURSION = YES;
				CLANG_WARN_INT_CONVERSION = YES;
				CLANG_WARN_NON_LITERAL_NULL_CONVERSION = YES;
				CLANG_WARN_OBJC_IMPLICIT_RETAIN_SELF = YES;
				CLANG_WARN_OBJC_LITERAL_CONVERSION = YES;
				CLANG_WARN_OBJC_ROOT_CLASS = YES_ERROR;
				CLANG_WARN_QUOTED_INCLUDE_IN_FRAMEWORK_HEADER = YES;
				CLANG_WARN_RANGE_LOOP_ANALYSIS = YES;
				CLANG_WARN_STRICT_PROTOTYPES = YES;
				CLANG_WARN_SUSPICIOUS_MOVE = YES;
				CLANG_WARN_UNGUARDED_AVAILABILITY = YES_AGGRESSIVE;
				CLANG_WARN_UNREACHABLE_CODE = YES;
				CLANG_WARN__DUPLICATE_METHOD_MATCH = YES;
				COPY_PHASE_STRIP = NO;
				DEBUG_INFORMATION_FORMAT = dwarf;
				ENABLE_STRICT_OBJC_MSGSEND = YES;
				ENABLE_TESTABILITY = YES;
				GCC_C_LANGUAGE_STANDARD = gnu11;
				GCC_DYNAMIC_NO_PIC = NO;
				GCC_NO_COMMON_BLOCKS = YES;
				GCC_OPTIMIZATION_LEVEL = 0;
				GCC_PREPROCESSOR_DEFINITIONS = (
					"DEBUG=1",
					"$(inherited)",
				);
				GCC_WARN_64_TO_32_BIT_CONVERSION = YES;
				GCC_WARN_ABOUT_RETURN_TYPE = YES_ERROR;
				GCC_WARN_UNDECLARED_SELECTOR = YES;
				GCC_WARN_UNINITIALIZED_AUTOS = YES_AGGRESSIVE;
				GCC_WARN_UNUSED_FUNCTION = YES;
				GCC_WARN_UNUSED_VARIABLE = YES;
				IPHONEOS_DEPLOYMENT_TARGET = 14.4;
				MTL_ENABLE_DEBUG_INFO = INCLUDE_SOURCE;
				MTL_FAST_MATH = YES;
				ONLY_ACTIVE_ARCH = YES;
				SDKROOT = iphoneos;
				SWIFT_ACTIVE_COMPILATION_CONDITIONS = DEBUG;
				SWIFT_OPTIMIZATION_LEVEL = "-Onone";
			};
			name = Debug;
		};
		66FD6209261A890C00BBD390 /* Release */ = {
			isa = XCBuildConfiguration;
			buildSettings = {
				ALWAYS_SEARCH_USER_PATHS = NO;
				CLANG_ANALYZER_NONNULL = YES;
				CLANG_ANALYZER_NUMBER_OBJECT_CONVERSION = YES_AGGRESSIVE;
				CLANG_CXX_LANGUAGE_STANDARD = "gnu++14";
				CLANG_CXX_LIBRARY = "libc++";
				CLANG_ENABLE_MODULES = YES;
				CLANG_ENABLE_OBJC_ARC = YES;
				CLANG_ENABLE_OBJC_WEAK = YES;
				CLANG_WARN_BLOCK_CAPTURE_AUTORELEASING = YES;
				CLANG_WARN_BOOL_CONVERSION = YES;
				CLANG_WARN_COMMA = YES;
				CLANG_WARN_CONSTANT_CONVERSION = YES;
				CLANG_WARN_DEPRECATED_OBJC_IMPLEMENTATIONS = YES;
				CLANG_WARN_DIRECT_OBJC_ISA_USAGE = YES_ERROR;
				CLANG_WARN_DOCUMENTATION_COMMENTS = YES;
				CLANG_WARN_EMPTY_BODY = YES;
				CLANG_WARN_ENUM_CONVERSION = YES;
				CLANG_WARN_INFINITE_RECURSION = YES;
				CLANG_WARN_INT_CONVERSION = YES;
				CLANG_WARN_NON_LITERAL_NULL_CONVERSION = YES;
				CLANG_WARN_OBJC_IMPLICIT_RETAIN_SELF = YES;
				CLANG_WARN_OBJC_LITERAL_CONVERSION = YES;
				CLANG_WARN_OBJC_ROOT_CLASS = YES_ERROR;
				CLANG_WARN_QUOTED_INCLUDE_IN_FRAMEWORK_HEADER = YES;
				CLANG_WARN_RANGE_LOOP_ANALYSIS = YES;
				CLANG_WARN_STRICT_PROTOTYPES = YES;
				CLANG_WARN_SUSPICIOUS_MOVE = YES;
				CLANG_WARN_UNGUARDED_AVAILABILITY = YES_AGGRESSIVE;
				CLANG_WARN_UNREACHABLE_CODE = YES;
				CLANG_WARN__DUPLICATE_METHOD_MATCH = YES;
				COPY_PHASE_STRIP = NO;
				DEBUG_INFORMATION_FORMAT = "dwarf-with-dsym";
				ENABLE_NS_ASSERTIONS = NO;
				ENABLE_STRICT_OBJC_MSGSEND = YES;
				GCC_C_LANGUAGE_STANDARD = gnu11;
				GCC_NO_COMMON_BLOCKS = YES;
				GCC_WARN_64_TO_32_BIT_CONVERSION = YES;
				GCC_WARN_ABOUT_RETURN_TYPE = YES_ERROR;
				GCC_WARN_UNDECLARED_SELECTOR = YES;
				GCC_WARN_UNINITIALIZED_AUTOS = YES_AGGRESSIVE;
				GCC_WARN_UNUSED_FUNCTION = YES;
				GCC_WARN_UNUSED_VARIABLE = YES;
				IPHONEOS_DEPLOYMENT_TARGET = 14.4;
				MTL_ENABLE_DEBUG_INFO = NO;
				MTL_FAST_MATH = YES;
				SDKROOT = iphoneos;
				SWIFT_COMPILATION_MODE = wholemodule;
				SWIFT_OPTIMIZATION_LEVEL = "-O";
				VALIDATE_PRODUCT = YES;
			};
			name = Release;
		};
		66FD620B261A890C00BBD390 /* Debug */ = {
			isa = XCBuildConfiguration;
			buildSettings = {
				ASSETCATALOG_COMPILER_APPICON_NAME = AppIcon;
				ASSETCATALOG_COMPILER_GLOBAL_ACCENT_COLOR_NAME = AccentColor;
				CODE_SIGN_STYLE = Automatic;
				DEVELOPMENT_TEAM = 2F4556C25L;
				INFOPLIST_FILE = MVVMExample/Info.plist;
				LD_RUNPATH_SEARCH_PATHS = (
					"$(inherited)",
					"@executable_path/Frameworks",
				);
				PRODUCT_BUNDLE_IDENTIFIER = com.br.everis.MVVMExample;
				PRODUCT_NAME = "$(TARGET_NAME)";
				SWIFT_VERSION = 5.0;
				TARGETED_DEVICE_FAMILY = "1,2";
			};
			name = Debug;
		};
		66FD620C261A890C00BBD390 /* Release */ = {
			isa = XCBuildConfiguration;
			buildSettings = {
				ASSETCATALOG_COMPILER_APPICON_NAME = AppIcon;
				ASSETCATALOG_COMPILER_GLOBAL_ACCENT_COLOR_NAME = AccentColor;
				CODE_SIGN_STYLE = Automatic;
				DEVELOPMENT_TEAM = 2F4556C25L;
				INFOPLIST_FILE = MVVMExample/Info.plist;
				LD_RUNPATH_SEARCH_PATHS = (
					"$(inherited)",
					"@executable_path/Frameworks",
				);
				PRODUCT_BUNDLE_IDENTIFIER = com.br.everis.MVVMExample;
				PRODUCT_NAME = "$(TARGET_NAME)";
				SWIFT_VERSION = 5.0;
				TARGETED_DEVICE_FAMILY = "1,2";
			};
			name = Release;
		};
		66FD620E261A890C00BBD390 /* Debug */ = {
			isa = XCBuildConfiguration;
			buildSettings = {
				ALWAYS_EMBED_SWIFT_STANDARD_LIBRARIES = YES;
				BUNDLE_LOADER = "$(TEST_HOST)";
				CODE_SIGN_STYLE = Automatic;
				DEVELOPMENT_TEAM = 2F4556C25L;
				INFOPLIST_FILE = MVVMExampleTests/Info.plist;
				IPHONEOS_DEPLOYMENT_TARGET = 14.4;
				LD_RUNPATH_SEARCH_PATHS = (
					"$(inherited)",
					"@executable_path/Frameworks",
					"@loader_path/Frameworks",
				);
				PRODUCT_BUNDLE_IDENTIFIER = com.br.everis.MVVMExampleTests;
				PRODUCT_NAME = "$(TARGET_NAME)";
				SWIFT_VERSION = 5.0;
				TARGETED_DEVICE_FAMILY = "1,2";
				TEST_HOST = "$(BUILT_PRODUCTS_DIR)/MVVMExample.app/MVVMExample";
			};
			name = Debug;
		};
		66FD620F261A890C00BBD390 /* Release */ = {
			isa = XCBuildConfiguration;
			buildSettings = {
				ALWAYS_EMBED_SWIFT_STANDARD_LIBRARIES = YES;
				BUNDLE_LOADER = "$(TEST_HOST)";
				CODE_SIGN_STYLE = Automatic;
				DEVELOPMENT_TEAM = 2F4556C25L;
				INFOPLIST_FILE = MVVMExampleTests/Info.plist;
				IPHONEOS_DEPLOYMENT_TARGET = 14.4;
				LD_RUNPATH_SEARCH_PATHS = (
					"$(inherited)",
					"@executable_path/Frameworks",
					"@loader_path/Frameworks",
				);
				PRODUCT_BUNDLE_IDENTIFIER = com.br.everis.MVVMExampleTests;
				PRODUCT_NAME = "$(TARGET_NAME)";
				SWIFT_VERSION = 5.0;
				TARGETED_DEVICE_FAMILY = "1,2";
				TEST_HOST = "$(BUILT_PRODUCTS_DIR)/MVVMExample.app/MVVMExample";
			};
			name = Release;
		};
		66FD6211261A890C00BBD390 /* Debug */ = {
			isa = XCBuildConfiguration;
			buildSettings = {
				ALWAYS_EMBED_SWIFT_STANDARD_LIBRARIES = YES;
				CODE_SIGN_STYLE = Automatic;
				DEVELOPMENT_TEAM = 2F4556C25L;
				INFOPLIST_FILE = MVVMExampleUITests/Info.plist;
				LD_RUNPATH_SEARCH_PATHS = (
					"$(inherited)",
					"@executable_path/Frameworks",
					"@loader_path/Frameworks",
				);
				PRODUCT_BUNDLE_IDENTIFIER = com.br.everis.MVVMExampleUITests;
				PRODUCT_NAME = "$(TARGET_NAME)";
				SWIFT_VERSION = 5.0;
				TARGETED_DEVICE_FAMILY = "1,2";
				TEST_TARGET_NAME = MVVMExample;
			};
			name = Debug;
		};
		66FD6212261A890C00BBD390 /* Release */ = {
			isa = XCBuildConfiguration;
			buildSettings = {
				ALWAYS_EMBED_SWIFT_STANDARD_LIBRARIES = YES;
				CODE_SIGN_STYLE = Automatic;
				DEVELOPMENT_TEAM = 2F4556C25L;
				INFOPLIST_FILE = MVVMExampleUITests/Info.plist;
				LD_RUNPATH_SEARCH_PATHS = (
					"$(inherited)",
					"@executable_path/Frameworks",
					"@loader_path/Frameworks",
				);
				PRODUCT_BUNDLE_IDENTIFIER = com.br.everis.MVVMExampleUITests;
				PRODUCT_NAME = "$(TARGET_NAME)";
				SWIFT_VERSION = 5.0;
				TARGETED_DEVICE_FAMILY = "1,2";
				TEST_TARGET_NAME = MVVMExample;
			};
			name = Release;
		};
/* End XCBuildConfiguration section */

/* Begin XCConfigurationList section */
		66FD61D8261A890A00BBD390 /* Build configuration list for PBXProject "MVVMExample" */ = {
			isa = XCConfigurationList;
			buildConfigurations = (
				66FD6208261A890C00BBD390 /* Debug */,
				66FD6209261A890C00BBD390 /* Release */,
			);
			defaultConfigurationIsVisible = 0;
			defaultConfigurationName = Release;
		};
		66FD620A261A890C00BBD390 /* Build configuration list for PBXNativeTarget "MVVMExample" */ = {
			isa = XCConfigurationList;
			buildConfigurations = (
				66FD620B261A890C00BBD390 /* Debug */,
				66FD620C261A890C00BBD390 /* Release */,
			);
			defaultConfigurationIsVisible = 0;
			defaultConfigurationName = Release;
		};
		66FD620D261A890C00BBD390 /* Build configuration list for PBXNativeTarget "MVVMExampleTests" */ = {
			isa = XCConfigurationList;
			buildConfigurations = (
				66FD620E261A890C00BBD390 /* Debug */,
				66FD620F261A890C00BBD390 /* Release */,
			);
			defaultConfigurationIsVisible = 0;
			defaultConfigurationName = Release;
		};
		66FD6210261A890C00BBD390 /* Build configuration list for PBXNativeTarget "MVVMExampleUITests" */ = {
			isa = XCConfigurationList;
			buildConfigurations = (
				66FD6211261A890C00BBD390 /* Debug */,
				66FD6212261A890C00BBD390 /* Release */,
			);
			defaultConfigurationIsVisible = 0;
			defaultConfigurationName = Release;
		};
/* End XCConfigurationList section */

/* Begin XCVersionGroup section */
		66FD61E9261A890A00BBD390 /* MVVMExample.xcdatamodeld */ = {
			isa = XCVersionGroup;
			children = (
				66FD61EA261A890A00BBD390 /* MVVMExample.xcdatamodel */,
			);
			currentVersion = 66FD61EA261A890A00BBD390 /* MVVMExample.xcdatamodel */;
			path = MVVMExample.xcdatamodeld;
			sourceTree = "<group>";
			versionGroupType = wrapper.xcdatamodel;
		};
/* End XCVersionGroup section */
	};
	rootObject = 66FD61D5261A890A00BBD390 /* Project object */;
}
